{
  "name": "packageparsernodejs",
  "version": "1.0.0",
  "lockfileVersion": 1,
  "requires": true,
  "dependencies": {
    "bible-passage-reference-parser": {
      "version": "2.0.1",
      "resolved": "https://registry.npmjs.org/bible-passage-reference-parser/-/bible-passage-reference-parser-2.0.1.tgz",
      "integrity": "sha1-HyM5ZFqIxKUr6kWuNrR0W+U5CFs="
    }
  }
}
